{
  "version": 4,
  "terraform_version": "1.14.3",
  "serial": 7,
  "lineage": "91ef8711-1d36-b8ba-7421-338e879e5628",
  "outputs": {
    "load_balancer_dns_name": {
      "value": "cmtr-vkkq9lu1-loadbalancer-250043558.us-east-1.elb.amazonaws.com",
      "type": "string"
    }
  },
  "resources": [
    {
      "mode": "data",
      "type": "aws_security_group",
      "name": "sg",
      "provider": "provider[\"registry.terraform.io/hashicorp/aws\"]",
      "instances": [
        {
          "schema_version": 0,
          "attributes": {
            "arn": "arn:aws:ec2:us-east-1:886436965328:security-group/sg-08be4c6b484bb2de6",
            "description": "Allows HTTP access to Load Balancer",
            "filter": null,
            "id": "sg-08be4c6b484bb2de6",
            "name": "cmtr-vkkq9lu1-sglb",
            "region": "us-east-1",
            "tags": {
              "Name": "cmtr-vkkq9lu1-sglb"
            },
            "timeouts": null,
            "vpc_id": "vpc-0294ab06ccc986f80"
          },
          "sensitive_attributes": [],
          "identity_schema_version": 0
        }
      ]
    },
    {
      "mode": "data",
      "type": "aws_security_group",
      "name": "sg_http",
      "provider": "provider[\"registry.terraform.io/hashicorp/aws\"]",
      "instances": [
        {
          "schema_version": 0,
          "attributes": {
            "arn": "arn:aws:ec2:us-east-1:886436965328:security-group/sg-048a7222893b34f97",
            "description": "Allows HTTP access to EC2 instances",
            "filter": null,
            "id": "sg-048a7222893b34f97",
            "name": "cmtr-vkkq9lu1-http_sg",
            "region": "us-east-1",
            "tags": {
              "Name": "cmtr-vkkq9lu1-http_sg"
            },
            "timeouts": null,
            "vpc_id": "vpc-0294ab06ccc986f80"
          },
          "sensitive_attributes": [],
          "identity_schema_version": 0
        }
      ]
    },
    {
      "mode": "data",
      "type": "aws_security_group",
      "name": "sg_ssh",
      "provider": "provider[\"registry.terraform.io/hashicorp/aws\"]",
      "instances": [
        {
          "schema_version": 0,
          "attributes": {
            "arn": "arn:aws:ec2:us-east-1:886436965328:security-group/sg-06533fef73297ab7f",
            "description": "SecurityGroup which allow ssh access",
            "filter": null,
            "id": "sg-06533fef73297ab7f",
            "name": "cmtr-vkkq9lu1-ec2_sg",
            "region": "us-east-1",
            "tags": {
              "Name": "cmtr-vkkq9lu1-ec2_sg"
            },
            "timeouts": null,
            "vpc_id": "vpc-0294ab06ccc986f80"
          },
          "sensitive_attributes": [],
          "identity_schema_version": 0
        }
      ]
    },
    {
      "mode": "data",
      "type": "aws_subnet",
      "name": "private_a",
      "provider": "provider[\"registry.terraform.io/hashicorp/aws\"]",
      "instances": [
        {
          "schema_version": 0,
          "attributes": {
            "arn": "arn:aws:ec2:us-east-1:886436965328:subnet/subnet-075cd6676ed62fa53",
            "assign_ipv6_address_on_creation": false,
            "availability_zone": "us-east-1a",
            "availability_zone_id": "use1-az4",
            "available_ip_address_count": 251,
            "cidr_block": "10.0.2.0/24",
            "customer_owned_ipv4_pool": "",
            "default_for_az": false,
            "enable_dns64": false,
            "enable_lni_at_device_index": 0,
            "enable_resource_name_dns_a_record_on_launch": false,
            "enable_resource_name_dns_aaaa_record_on_launch": false,
            "filter": [
              {
                "name": "cidr-block",
                "values": [
                  "10.0.2.0/24"
                ]
              },
              {
                "name": "vpc-id",
                "values": [
                  "vpc-0294ab06ccc986f80"
                ]
              }
            ],
            "id": "subnet-075cd6676ed62fa53",
            "ipv6_cidr_block": "",
            "ipv6_cidr_block_association_id": "",
            "ipv6_native": false,
            "map_customer_owned_ip_on_launch": false,
            "map_public_ip_on_launch": false,
            "outpost_arn": "",
            "owner_id": "886436965328",
            "private_dns_hostname_type_on_launch": "ip-name",
            "region": "us-east-1",
            "state": "available",
            "tags": {
              "Name": "cmtr-vkkq9lu1-private_subnet"
            },
            "timeouts": null,
            "vpc_id": "vpc-0294ab06ccc986f80"
          },
          "sensitive_attributes": [],
          "identity_schema_version": 0
        }
      ]
    },
    {
      "mode": "data",
      "type": "aws_subnet",
      "name": "private_b",
      "provider": "provider[\"registry.terraform.io/hashicorp/aws\"]",
      "instances": [
        {
          "schema_version": 0,
          "attributes": {
            "arn": "arn:aws:ec2:us-east-1:886436965328:subnet/subnet-0250576917a0f975d",
            "assign_ipv6_address_on_creation": false,
            "availability_zone": "us-east-1b",
            "availability_zone_id": "use1-az6",
            "available_ip_address_count": 251,
            "cidr_block": "10.0.4.0/24",
            "customer_owned_ipv4_pool": "",
            "default_for_az": false,
            "enable_dns64": false,
            "enable_lni_at_device_index": 0,
            "enable_resource_name_dns_a_record_on_launch": false,
            "enable_resource_name_dns_aaaa_record_on_launch": false,
            "filter": [
              {
                "name": "cidr-block",
                "values": [
                  "10.0.4.0/24"
                ]
              },
              {
                "name": "vpc-id",
                "values": [
                  "vpc-0294ab06ccc986f80"
                ]
              }
            ],
            "id": "subnet-0250576917a0f975d",
            "ipv6_cidr_block": "",
            "ipv6_cidr_block_association_id": "",
            "ipv6_native": false,
            "map_customer_owned_ip_on_launch": false,
            "map_public_ip_on_launch": false,
            "outpost_arn": "",
            "owner_id": "886436965328",
            "private_dns_hostname_type_on_launch": "ip-name",
            "region": "us-east-1",
            "state": "available",
            "tags": {
              "Name": "cmtr-vkkq9lu1-private_subnet"
            },
            "timeouts": null,
            "vpc_id": "vpc-0294ab06ccc986f80"
          },
          "sensitive_attributes": [],
          "identity_schema_version": 0
        }
      ]
    },
    {
      "mode": "data",
      "type": "aws_subnet",
      "name": "public_a",
      "provider": "provider[\"registry.terraform.io/hashicorp/aws\"]",
      "instances": [
        {
          "schema_version": 0,
          "attributes": {
            "arn": "arn:aws:ec2:us-east-1:886436965328:subnet/subnet-0cb502034bcabe0f6",
            "assign_ipv6_address_on_creation": false,
            "availability_zone": "us-east-1a",
            "availability_zone_id": "use1-az4",
            "available_ip_address_count": 251,
            "cidr_block": "10.0.1.0/24",
            "customer_owned_ipv4_pool": "",
            "default_for_az": false,
            "enable_dns64": false,
            "enable_lni_at_device_index": 0,
            "enable_resource_name_dns_a_record_on_launch": false,
            "enable_resource_name_dns_aaaa_record_on_launch": false,
            "filter": [
              {
                "name": "cidr-block",
                "values": [
                  "10.0.1.0/24"
                ]
              },
              {
                "name": "vpc-id",
                "values": [
                  "vpc-0294ab06ccc986f80"
                ]
              }
            ],
            "id": "subnet-0cb502034bcabe0f6",
            "ipv6_cidr_block": "",
            "ipv6_cidr_block_association_id": "",
            "ipv6_native": false,
            "map_customer_owned_ip_on_launch": false,
            "map_public_ip_on_launch": true,
            "outpost_arn": "",
            "owner_id": "886436965328",
            "private_dns_hostname_type_on_launch": "ip-name",
            "region": "us-east-1",
            "state": "available",
            "tags": {
              "Name": "cmtr-vkkq9lu1-public_subnet"
            },
            "timeouts": null,
            "vpc_id": "vpc-0294ab06ccc986f80"
          },
          "sensitive_attributes": [],
          "identity_schema_version": 0
        }
      ]
    },
    {
      "mode": "data",
      "type": "aws_subnet",
      "name": "public_b",
      "provider": "provider[\"registry.terraform.io/hashicorp/aws\"]",
      "instances": [
        {
          "schema_version": 0,
          "attributes": {
            "arn": "arn:aws:ec2:us-east-1:886436965328:subnet/subnet-08dc3d2b9ee4dae04",
            "assign_ipv6_address_on_creation": false,
            "availability_zone": "us-east-1b",
            "availability_zone_id": "use1-az6",
            "available_ip_address_count": 251,
            "cidr_block": "10.0.3.0/24",
            "customer_owned_ipv4_pool": "",
            "default_for_az": false,
            "enable_dns64": false,
            "enable_lni_at_device_index": 0,
            "enable_resource_name_dns_a_record_on_launch": false,
            "enable_resource_name_dns_aaaa_record_on_launch": false,
            "filter": [
              {
                "name": "cidr-block",
                "values": [
                  "10.0.3.0/24"
                ]
              },
              {
                "name": "vpc-id",
                "values": [
                  "vpc-0294ab06ccc986f80"
                ]
              }
            ],
            "id": "subnet-08dc3d2b9ee4dae04",
            "ipv6_cidr_block": "",
            "ipv6_cidr_block_association_id": "",
            "ipv6_native": false,
            "map_customer_owned_ip_on_launch": false,
            "map_public_ip_on_launch": true,
            "outpost_arn": "",
            "owner_id": "886436965328",
            "private_dns_hostname_type_on_launch": "ip-name",
            "region": "us-east-1",
            "state": "available",
            "tags": {
              "Name": "cmtr-vkkq9lu1-public_subnet"
            },
            "timeouts": null,
            "vpc_id": "vpc-0294ab06ccc986f80"
          },
          "sensitive_attributes": [],
          "identity_schema_version": 0
        }
      ]
    },
    {
      "mode": "data",
      "type": "aws_vpc",
      "name": "cmtr_vkkq9lu1_vpc",
      "provider": "provider[\"registry.terraform.io/hashicorp/aws\"]",
      "instances": [
        {
          "schema_version": 0,
          "attributes": {
            "arn": "arn:aws:ec2:us-east-1:886436965328:vpc/vpc-0294ab06ccc986f80",
            "cidr_block": "10.0.0.0/16",
            "cidr_block_associations": [
              {
                "association_id": "vpc-cidr-assoc-06c10fa9b7ed242f8",
                "cidr_block": "10.0.0.0/16",
                "state": "associated"
              }
            ],
            "default": false,
            "dhcp_options_id": "dopt-0f415f58ee163d7fe",
            "enable_dns_hostnames": false,
            "enable_dns_support": true,
            "enable_network_address_usage_metrics": false,
            "filter": null,
            "id": "vpc-0294ab06ccc986f80",
            "instance_tenancy": "default",
            "ipv6_association_id": "",
            "ipv6_cidr_block": "",
            "main_route_table_id": "rtb-039a502a52e348ba5",
            "owner_id": "886436965328",
            "region": "us-east-1",
            "state": null,
            "tags": {
              "Name": "cmtr-vkkq9lu1-vpc"
            },
            "timeouts": null
          },
          "sensitive_attributes": [],
          "identity_schema_version": 0
        }
      ]
    },
    {
      "mode": "managed",
      "type": "aws_autoscaling_attachment",
      "name": "aws_autoscaling_attachment",
      "provider": "provider[\"registry.terraform.io/hashicorp/aws\"]",
      "instances": [
        {
          "schema_version": 0,
          "attributes": {
            "autoscaling_group_name": "cmtr-vkkq9lu1-asg",
            "elb": null,
            "id": "cmtr-vkkq9lu1-asg-20260202072341346800000002",
            "lb_target_group_arn": "arn:aws:elasticloadbalancing:us-east-1:886436965328:targetgroup/cmtr-vkkq9lu1-tg/943abe3ea65a2ed4",
            "region": "us-east-1"
          },
          "sensitive_attributes": [],
          "identity_schema_version": 0,
          "private": "bnVsbA==",
          "dependencies": [
            "aws_autoscaling_group.cmtr_vkkq9lu1_asg",
            "aws_launch_template.cmtr_vkkq9lu1_template",
            "aws_lb.cmtr_vkkq9lu1_loadbalancer",
            "aws_lb_target_group.cmtr_tg",
            "data.aws_security_group.sg",
            "data.aws_security_group.sg_http",
            "data.aws_security_group.sg_ssh",
            "data.aws_subnet.private_a",
            "data.aws_subnet.private_b",
            "data.aws_subnet.public_a",
            "data.aws_subnet.public_b",
            "data.aws_vpc.cmtr_vkkq9lu1_vpc"
          ]
        }
      ]
    },
    {
      "mode": "managed",
      "type": "aws_autoscaling_group",
      "name": "cmtr_vkkq9lu1_asg",
      "provider": "provider[\"registry.terraform.io/hashicorp/aws\"]",
      "instances": [
        {
          "schema_version": 1,
          "attributes": {
            "arn": "arn:aws:autoscaling:us-east-1:886436965328:autoScalingGroup:e21fb35f-84bf-4638-a224-f4784ce1d556:autoScalingGroupName/cmtr-vkkq9lu1-asg",
            "availability_zone_distribution": [
              {
                "capacity_distribution_strategy": "balanced-best-effort"
              }
            ],
            "availability_zones": [
              "us-east-1a",
              "us-east-1b"
            ],
            "capacity_rebalance": false,
            "capacity_reservation_specification": [
              {
                "capacity_reservation_preference": "default",
                "capacity_reservation_target": []
              }
            ],
            "context": "",
            "default_cooldown": 300,
            "default_instance_warmup": 0,
            "desired_capacity": 2,
            "desired_capacity_type": "",
            "enabled_metrics": null,
            "force_delete": false,
            "force_delete_warm_pool": false,
            "health_check_grace_period": 300,
            "health_check_type": "EC2",
            "id": "cmtr-vkkq9lu1-asg",
            "ignore_failed_scaling_activities": false,
            "initial_lifecycle_hook": [],
            "instance_maintenance_policy": [],
            "instance_refresh": [],
            "launch_configuration": "",
            "launch_template": [
              {
                "id": "lt-054b82d98ed9327d8",
                "name": "cmtr-vkkq9lu1-template",
                "version": ""
              }
            ],
            "load_balancers": [],
            "max_instance_lifetime": 0,
            "max_size": 2,
            "metrics_granularity": "1Minute",
            "min_elb_capacity": null,
            "min_size": 1,
            "mixed_instances_policy": [],
            "name": "cmtr-vkkq9lu1-asg",
            "name_prefix": "",
            "placement_group": "",
            "predicted_capacity": 0,
            "protect_from_scale_in": false,
            "region": "us-east-1",
            "service_linked_role_arn": "arn:aws:iam::886436965328:role/aws-service-role/autoscaling.amazonaws.com/AWSServiceRoleForAutoScaling",
            "suspended_processes": null,
            "tag": [],
            "target_group_arns": [],
            "termination_policies": null,
            "timeouts": null,
            "traffic_source": [],
            "vpc_zone_identifier": [
              "subnet-0250576917a0f975d",
              "subnet-075cd6676ed62fa53"
            ],
            "wait_for_capacity_timeout": "10m",
            "wait_for_elb_capacity": null,
            "warm_pool": [],
            "warm_pool_size": 0
          },
          "sensitive_attributes": [],
          "identity_schema_version": 0,
          "private": "eyJlMmJmYjczMC1lY2FhLTExZTYtOGY4OC0zNDM2M2JjN2M0YzAiOnsiZGVsZXRlIjo2MDAwMDAwMDAwMDAsInVwZGF0ZSI6NjAwMDAwMDAwMDAwfSwic2NoZW1hX3ZlcnNpb24iOiIxIn0=",
          "dependencies": [
            "aws_launch_template.cmtr_vkkq9lu1_template",
            "data.aws_security_group.sg_http",
            "data.aws_security_group.sg_ssh",
            "data.aws_subnet.private_a",
            "data.aws_subnet.private_b",
            "data.aws_vpc.cmtr_vkkq9lu1_vpc"
          ]
        }
      ]
    },
    {
      "mode": "managed",
      "type": "aws_launch_template",
      "name": "cmtr_vkkq9lu1_template",
      "provider": "provider[\"registry.terraform.io/hashicorp/aws\"]",
      "instances": [
        {
          "schema_version": 1,
          "attributes": {
            "arn": "arn:aws:ec2:us-east-1:886436965328:launch-template/lt-054b82d98ed9327d8",
            "block_device_mappings": [],
            "capacity_reservation_specification": [],
            "cpu_options": [],
            "credit_specification": [],
            "default_version": 1,
            "description": "",
            "disable_api_stop": false,
            "disable_api_termination": false,
            "ebs_optimized": "",
            "enclave_options": [],
            "hibernation_options": [],
            "iam_instance_profile": [
              {
                "arn": "",
                "name": "cmtr-vkkq9lu1-instance_profile"
              }
            ],
            "id": "lt-054b82d98ed9327d8",
            "image_id": "ami-09e6f87a47903347c",
            "instance_initiated_shutdown_behavior": "",
            "instance_market_options": [],
            "instance_requirements": [],
            "instance_type": "t3.micro",
            "kernel_id": "",
            "key_name": "cmtr-vkkq9lu1-keypair",
            "latest_version": 1,
            "license_specification": [],
            "maintenance_options": [],
            "metadata_options": [
              {
                "http_endpoint": "enabled",
                "http_protocol_ipv6": "",
                "http_put_response_hop_limit": 0,
                "http_tokens": "optional",
                "instance_metadata_tags": ""
              }
            ],
            "monitoring": [],
            "name": "cmtr-vkkq9lu1-template",
            "name_prefix": "",
            "network_interfaces": [],
            "network_performance_options": [],
            "placement": [],
            "private_dns_name_options": [],
            "ram_disk_id": "",
            "region": "us-east-1",
            "security_group_names": null,
            "tag_specifications": [],
            "tags": {
              "Project": "cmtr-vkkq9lu1",
              "Terraform": "true"
            },
            "tags_all": {
              "Project": "cmtr-vkkq9lu1",
              "Terraform": "true"
            },
            "update_default_version": null,
            "user_data": "IyEvYmluL2Jhc2gKc2V0IC1lCgojIFVwZGF0ZSBzeXN0ZW0gcGFja2FnZXMKeXVtIHVwZGF0ZSAteQoKIyBJbnN0YWxsIHJlcXVpcmVkIHBhY2thZ2VzCnl1bSBpbnN0YWxsIC15IGh0dHBkIGF3cy1jbGkganEgY3VybAoKIyBFbmFibGUgYW5kIHN0YXJ0IEFwYWNoZSB3ZWIgc2VydmVyCnN5c3RlbWN0bCBlbmFibGUgaHR0cGQKc3lzdGVtY3RsIHN0YXJ0IGh0dHBkCgojIFJldHJpZXZlIElNRFN2MiB0b2tlbgpUT0tFTj0kKGN1cmwgLVggUFVUICJodHRwOi8vMTY5LjI1NC4xNjkuMjU0L2xhdGVzdC9hcGkvdG9rZW4iIFwKICAtSCAiWC1hd3MtZWMyLW1ldGFkYXRhLXRva2VuLXR0bC1zZWNvbmRzOiAyMTYwMCIpCgojIFJldHJpZXZlIGluc3RhbmNlIG1ldGFkYXRhIHNlY3VyZWx5IHVzaW5nIElNRFN2MgpJTlNUQU5DRV9JRD0kKGN1cmwgLUggIlgtYXdzLWVjMi1tZXRhZGF0YS10b2tlbjogJFRPS0VOIiBcCiAgaHR0cDovLzE2OS4yNTQuMTY5LjI1NC9sYXRlc3QvbWV0YS1kYXRhL2luc3RhbmNlLWlkKQoKUFJJVkFURV9JUD0kKGN1cmwgLUggIlgtYXdzLWVjMi1tZXRhZGF0YS10b2tlbjogJFRPS0VOIiBcCiAgaHR0cDovLzE2OS4yNTQuMTY5LjI1NC9sYXRlc3QvbWV0YS1kYXRhL2xvY2FsLWlwdjQpCgojIENyZWF0ZSBzaW1wbGUgSFRNTCBwYWdlCmNhdCA8PEVPRiA+IC92YXIvd3d3L2h0bWwvaW5kZXguaHRtbAo8IURPQ1RZUEUgaHRtbD4KPGh0bWw+CjxoZWFkPgogIDx0aXRsZT5FQzIgSW5zdGFuY2UgSW5mbzwvdGl0bGU+CjwvaGVhZD4KPGJvZHk+CiAgPGgxPlRoaXMgbWVzc2FnZSB3YXMgZ2VuZXJhdGVkIG9uIGluc3RhbmNlICRJTlNUQU5DRV9JRCB3aXRoIHRoZSBmb2xsb3dpbmcgSVA6ICRQUklWQVRFX0lQPC9oMT4KPC9ib2R5Pgo8L2h0bWw+CkVPRgoKIyBFbnN1cmUgY29ycmVjdCBwZXJtaXNzaW9ucwpjaG1vZCA2NDQgL3Zhci93d3cvaHRtbC9pbmRleC5odG1sCg==",
            "vpc_security_group_ids": [
              "sg-048a7222893b34f97",
              "sg-06533fef73297ab7f"
            ]
          },
          "sensitive_attributes": [],
          "identity_schema_version": 0,
          "private": "eyJzY2hlbWFfdmVyc2lvbiI6IjEifQ==",
          "dependencies": [
            "data.aws_security_group.sg_http",
            "data.aws_security_group.sg_ssh"
          ]
        }
      ]
    },
    {
      "mode": "managed",
      "type": "aws_lb",
      "name": "cmtr_vkkq9lu1_loadbalancer",
      "provider": "provider[\"registry.terraform.io/hashicorp/aws\"]",
      "instances": [
        {
          "schema_version": 0,
          "attributes": {
            "access_logs": [
              {
                "bucket": "",
                "enabled": false,
                "prefix": ""
              }
            ],
            "arn": "arn:aws:elasticloadbalancing:us-east-1:886436965328:loadbalancer/app/cmtr-vkkq9lu1-loadbalancer/1183f73bc6ee6685",
            "arn_suffix": "app/cmtr-vkkq9lu1-loadbalancer/1183f73bc6ee6685",
            "client_keep_alive": 3600,
            "connection_logs": [
              {
                "bucket": "",
                "enabled": false,
                "prefix": ""
              }
            ],
            "customer_owned_ipv4_pool": "",
            "desync_mitigation_mode": "defensive",
            "dns_name": "cmtr-vkkq9lu1-loadbalancer-250043558.us-east-1.elb.amazonaws.com",
            "dns_record_client_routing_policy": null,
            "drop_invalid_header_fields": false,
            "enable_cross_zone_load_balancing": true,
            "enable_deletion_protection": false,
            "enable_http2": true,
            "enable_tls_version_and_cipher_suite_headers": false,
            "enable_waf_fail_open": false,
            "enable_xff_client_port": false,
            "enable_zonal_shift": false,
            "enforce_security_group_inbound_rules_on_private_link_traffic": "",
            "health_check_logs": [
              {
                "bucket": "",
                "enabled": false,
                "prefix": ""
              }
            ],
            "id": "arn:aws:elasticloadbalancing:us-east-1:886436965328:loadbalancer/app/cmtr-vkkq9lu1-loadbalancer/1183f73bc6ee6685",
            "idle_timeout": 60,
            "internal": false,
            "ip_address_type": "ipv4",
            "ipam_pools": [],
            "load_balancer_type": "application",
            "minimum_load_balancer_capacity": [],
            "name": "cmtr-vkkq9lu1-loadbalancer",
            "name_prefix": "",
            "preserve_host_header": false,
            "region": "us-east-1",
            "secondary_ips_auto_assigned_per_subnet": null,
            "security_groups": [
              "sg-08be4c6b484bb2de6"
            ],
            "subnet_mapping": [
              {
                "allocation_id": "",
                "ipv6_address": "",
                "outpost_id": "",
                "private_ipv4_address": "",
                "subnet_id": "subnet-08dc3d2b9ee4dae04"
              },
              {
                "allocation_id": "",
                "ipv6_address": "",
                "outpost_id": "",
                "private_ipv4_address": "",
                "subnet_id": "subnet-0cb502034bcabe0f6"
              }
            ],
            "subnets": [
              "subnet-08dc3d2b9ee4dae04",
              "subnet-0cb502034bcabe0f6"
            ],
            "tags": null,
            "tags_all": {},
            "timeouts": null,
            "vpc_id": "vpc-0294ab06ccc986f80",
            "xff_header_processing_mode": "append",
            "zone_id": "Z35SXDOTRQ7X7K"
          },
          "sensitive_attributes": [],
          "identity_schema_version": 0,
          "identity": {
            "arn": "arn:aws:elasticloadbalancing:us-east-1:886436965328:loadbalancer/app/cmtr-vkkq9lu1-loadbalancer/1183f73bc6ee6685"
          },
          "private": "eyJlMmJmYjczMC1lY2FhLTExZTYtOGY4OC0zNDM2M2JjN2M0YzAiOnsiY3JlYXRlIjo2MDAwMDAwMDAwMDAsImRlbGV0ZSI6NjAwMDAwMDAwMDAwLCJ1cGRhdGUiOjYwMDAwMDAwMDAwMH19",
          "dependencies": [
            "data.aws_security_group.sg",
            "data.aws_subnet.public_a",
            "data.aws_subnet.public_b",
            "data.aws_vpc.cmtr_vkkq9lu1_vpc"
          ]
        }
      ]
    },
    {
      "mode": "managed",
      "type": "aws_lb_listener",
      "name": "http",
      "provider": "provider[\"registry.terraform.io/hashicorp/aws\"]",
      "instances": [
        {
          "schema_version": 0,
          "attributes": {
            "alpn_policy": null,
            "arn": "arn:aws:elasticloadbalancing:us-east-1:886436965328:listener/app/cmtr-vkkq9lu1-loadbalancer/1183f73bc6ee6685/736dfc8cedc9b6f9",
            "certificate_arn": null,
            "default_action": [
              {
                "authenticate_cognito": [],
                "authenticate_oidc": [],
                "fixed_response": [],
                "forward": [],
                "jwt_validation": [],
                "order": 1,
                "redirect": [],
                "target_group_arn": "arn:aws:elasticloadbalancing:us-east-1:886436965328:targetgroup/cmtr-vkkq9lu1-tg/943abe3ea65a2ed4",
                "type": "forward"
              }
            ],
            "id": "arn:aws:elasticloadbalancing:us-east-1:886436965328:listener/app/cmtr-vkkq9lu1-loadbalancer/1183f73bc6ee6685/736dfc8cedc9b6f9",
            "load_balancer_arn": "arn:aws:elasticloadbalancing:us-east-1:886436965328:loadbalancer/app/cmtr-vkkq9lu1-loadbalancer/1183f73bc6ee6685",
            "mutual_authentication": [],
            "port": 80,
            "protocol": "HTTP",
            "region": "us-east-1",
            "routing_http_request_x_amzn_mtls_clientcert_header_name": null,
            "routing_http_request_x_amzn_mtls_clientcert_issuer_header_name": null,
            "routing_http_request_x_amzn_mtls_clientcert_leaf_header_name": null,
            "routing_http_request_x_amzn_mtls_clientcert_serial_number_header_name": null,
            "routing_http_request_x_amzn_mtls_clientcert_subject_header_name": null,
            "routing_http_request_x_amzn_mtls_clientcert_validity_header_name": null,
            "routing_http_request_x_amzn_tls_cipher_suite_header_name": null,
            "routing_http_request_x_amzn_tls_version_header_name": null,
            "routing_http_response_access_control_allow_credentials_header_value": "",
            "routing_http_response_access_control_allow_headers_header_value": "",
            "routing_http_response_access_control_allow_methods_header_value": "",
            "routing_http_response_access_control_allow_origin_header_value": "",
            "routing_http_response_access_control_expose_headers_header_value": "",
            "routing_http_response_access_control_max_age_header_value": "",
            "routing_http_response_content_security_policy_header_value": "",
            "routing_http_response_server_enabled": true,
            "routing_http_response_strict_transport_security_header_value": "",
            "routing_http_response_x_content_type_options_header_value": "",
            "routing_http_response_x_frame_options_header_value": "",
            "ssl_policy": "",
            "tags": null,
            "tags_all": {},
            "tcp_idle_timeout_seconds": null,
            "timeouts": null
          },
          "sensitive_attributes": [],
          "identity_schema_version": 0,
          "identity": {
            "arn": "arn:aws:elasticloadbalancing:us-east-1:886436965328:listener/app/cmtr-vkkq9lu1-loadbalancer/1183f73bc6ee6685/736dfc8cedc9b6f9"
          },
          "private": "eyJlMmJmYjczMC1lY2FhLTExZTYtOGY4OC0zNDM2M2JjN2M0YzAiOnsiY3JlYXRlIjozMDAwMDAwMDAwMDAsInVwZGF0ZSI6MzAwMDAwMDAwMDAwfX0=",
          "dependencies": [
            "aws_lb.cmtr_vkkq9lu1_loadbalancer",
            "aws_lb_target_group.cmtr_tg",
            "data.aws_security_group.sg",
            "data.aws_subnet.public_a",
            "data.aws_subnet.public_b",
            "data.aws_vpc.cmtr_vkkq9lu1_vpc"
          ]
        }
      ]
    },
    {
      "mode": "managed",
      "type": "aws_lb_target_group",
      "name": "cmtr_tg",
      "provider": "provider[\"registry.terraform.io/hashicorp/aws\"]",
      "instances": [
        {
          "schema_version": 0,
          "attributes": {
            "arn": "arn:aws:elasticloadbalancing:us-east-1:886436965328:targetgroup/cmtr-vkkq9lu1-tg/943abe3ea65a2ed4",
            "arn_suffix": "targetgroup/cmtr-vkkq9lu1-tg/943abe3ea65a2ed4",
            "connection_termination": null,
            "deregistration_delay": "300",
            "health_check": [
              {
                "enabled": true,
                "healthy_threshold": 2,
                "interval": 30,
                "matcher": "200",
                "path": "/",
                "port": "traffic-port",
                "protocol": "HTTP",
                "timeout": 5,
                "unhealthy_threshold": 2
              }
            ],
            "id": "arn:aws:elasticloadbalancing:us-east-1:886436965328:targetgroup/cmtr-vkkq9lu1-tg/943abe3ea65a2ed4",
            "ip_address_type": "ipv4",
            "lambda_multi_value_headers_enabled": false,
            "load_balancer_arns": [],
            "load_balancing_algorithm_type": "round_robin",
            "load_balancing_anomaly_mitigation": "off",
            "load_balancing_cross_zone_enabled": "use_load_balancer_configuration",
            "name": "cmtr-vkkq9lu1-tg",
            "name_prefix": "",
            "port": 80,
            "preserve_client_ip": null,
            "protocol": "HTTP",
            "protocol_version": "HTTP1",
            "proxy_protocol_v2": false,
            "region": "us-east-1",
            "slow_start": 0,
            "stickiness": [
              {
                "cookie_duration": 86400,
                "cookie_name": "",
                "enabled": false,
                "type": "lb_cookie"
              }
            ],
            "tags": null,
            "tags_all": {},
            "target_control_port": 0,
            "target_failover": [
              {
                "on_deregistration": null,
                "on_unhealthy": null
              }
            ],
            "target_group_health": [
              {
                "dns_failover": [
                  {
                    "minimum_healthy_targets_count": "1",
                    "minimum_healthy_targets_percentage": "off"
                  }
                ],
                "unhealthy_state_routing": [
                  {
                    "minimum_healthy_targets_count": 1,
                    "minimum_healthy_targets_percentage": "off"
                  }
                ]
              }
            ],
            "target_health_state": [
              {
                "enable_unhealthy_connection_termination": null,
                "unhealthy_draining_interval": null
              }
            ],
            "target_type": "instance",
            "vpc_id": "vpc-0294ab06ccc986f80"
          },
          "sensitive_attributes": [],
          "identity_schema_version": 0,
          "identity": {
            "arn": "arn:aws:elasticloadbalancing:us-east-1:886436965328:targetgroup/cmtr-vkkq9lu1-tg/943abe3ea65a2ed4"
          },
          "private": "bnVsbA==",
          "dependencies": [
            "data.aws_vpc.cmtr_vkkq9lu1_vpc"
          ]
        }
      ]
    }
  ],
  "check_results": null
}
