{
  "version": 4,
  "terraform_version": "1.14.3",
  "serial": 28,
  "lineage": "f8e9ea5f-ca4b-8983-12a1-33d0f39694ce",
  "outputs": {
    "load_balancer_dns_name": {
      "value": "cmtr-vkkq9lu1-loadbalancer-1307146056.us-east-1.elb.amazonaws.com",
      "type": "string"
    }
  },
  "resources": [
    {
      "mode": "data",
      "type": "aws_security_group",
      "name": "sg",
      "provider": "provider[\"registry.terraform.io/hashicorp/aws\"]",
      "instances": [
        {
          "schema_version": 0,
          "attributes": {
            "arn": "arn:aws:ec2:us-east-1:396913711198:security-group/sg-0e6d380bf47e7f312",
            "description": "Allows HTTP access to Load Balancer",
            "filter": null,
            "id": "sg-0e6d380bf47e7f312",
            "name": "cmtr-vkkq9lu1-sglb",
            "region": "us-east-1",
            "tags": {
              "Name": "cmtr-vkkq9lu1-sglb"
            },
            "timeouts": null,
            "vpc_id": "vpc-033940a8ef1167e76"
          },
          "sensitive_attributes": [],
          "identity_schema_version": 0
        }
      ]
    },
    {
      "mode": "data",
      "type": "aws_security_group",
      "name": "sg_http",
      "provider": "provider[\"registry.terraform.io/hashicorp/aws\"]",
      "instances": [
        {
          "schema_version": 0,
          "attributes": {
            "arn": "arn:aws:ec2:us-east-1:396913711198:security-group/sg-0f577c39adbc48acb",
            "description": "Allows HTTP access to EC2 instances",
            "filter": null,
            "id": "sg-0f577c39adbc48acb",
            "name": "cmtr-vkkq9lu1-http_sg",
            "region": "us-east-1",
            "tags": {
              "Name": "cmtr-vkkq9lu1-http_sg"
            },
            "timeouts": null,
            "vpc_id": "vpc-033940a8ef1167e76"
          },
          "sensitive_attributes": [],
          "identity_schema_version": 0
        }
      ]
    },
    {
      "mode": "data",
      "type": "aws_security_group",
      "name": "sg_ssh",
      "provider": "provider[\"registry.terraform.io/hashicorp/aws\"]",
      "instances": [
        {
          "schema_version": 0,
          "attributes": {
            "arn": "arn:aws:ec2:us-east-1:396913711198:security-group/sg-0c867df722db1879d",
            "description": "SecurityGroup which allow ssh access",
            "filter": null,
            "id": "sg-0c867df722db1879d",
            "name": "cmtr-vkkq9lu1-ec2_sg",
            "region": "us-east-1",
            "tags": {
              "Name": "cmtr-vkkq9lu1-ec2_sg"
            },
            "timeouts": null,
            "vpc_id": "vpc-033940a8ef1167e76"
          },
          "sensitive_attributes": [],
          "identity_schema_version": 0
        }
      ]
    },
    {
      "mode": "data",
      "type": "aws_subnet",
      "name": "private_a",
      "provider": "provider[\"registry.terraform.io/hashicorp/aws\"]",
      "instances": [
        {
          "schema_version": 0,
          "attributes": {
            "arn": "arn:aws:ec2:us-east-1:396913711198:subnet/subnet-07d32f0db6e4ca202",
            "assign_ipv6_address_on_creation": false,
            "availability_zone": "us-east-1a",
            "availability_zone_id": "use1-az1",
            "available_ip_address_count": 250,
            "cidr_block": "10.0.2.0/24",
            "customer_owned_ipv4_pool": "",
            "default_for_az": false,
            "enable_dns64": false,
            "enable_lni_at_device_index": 0,
            "enable_resource_name_dns_a_record_on_launch": false,
            "enable_resource_name_dns_aaaa_record_on_launch": false,
            "filter": [
              {
                "name": "cidr-block",
                "values": [
                  "10.0.2.0/24"
                ]
              },
              {
                "name": "vpc-id",
                "values": [
                  "vpc-033940a8ef1167e76"
                ]
              }
            ],
            "id": "subnet-07d32f0db6e4ca202",
            "ipv6_cidr_block": "",
            "ipv6_cidr_block_association_id": "",
            "ipv6_native": false,
            "map_customer_owned_ip_on_launch": false,
            "map_public_ip_on_launch": false,
            "outpost_arn": "",
            "owner_id": "396913711198",
            "private_dns_hostname_type_on_launch": "ip-name",
            "region": "us-east-1",
            "state": "available",
            "tags": {
              "Name": "cmtr-vkkq9lu1-private_subnet"
            },
            "timeouts": null,
            "vpc_id": "vpc-033940a8ef1167e76"
          },
          "sensitive_attributes": [],
          "identity_schema_version": 0
        }
      ]
    },
    {
      "mode": "data",
      "type": "aws_subnet",
      "name": "private_b",
      "provider": "provider[\"registry.terraform.io/hashicorp/aws\"]",
      "instances": [
        {
          "schema_version": 0,
          "attributes": {
            "arn": "arn:aws:ec2:us-east-1:396913711198:subnet/subnet-04198bc3a416ec0a0",
            "assign_ipv6_address_on_creation": false,
            "availability_zone": "us-east-1b",
            "availability_zone_id": "use1-az2",
            "available_ip_address_count": 250,
            "cidr_block": "10.0.4.0/24",
            "customer_owned_ipv4_pool": "",
            "default_for_az": false,
            "enable_dns64": false,
            "enable_lni_at_device_index": 0,
            "enable_resource_name_dns_a_record_on_launch": false,
            "enable_resource_name_dns_aaaa_record_on_launch": false,
            "filter": [
              {
                "name": "cidr-block",
                "values": [
                  "10.0.4.0/24"
                ]
              },
              {
                "name": "vpc-id",
                "values": [
                  "vpc-033940a8ef1167e76"
                ]
              }
            ],
            "id": "subnet-04198bc3a416ec0a0",
            "ipv6_cidr_block": "",
            "ipv6_cidr_block_association_id": "",
            "ipv6_native": false,
            "map_customer_owned_ip_on_launch": false,
            "map_public_ip_on_launch": false,
            "outpost_arn": "",
            "owner_id": "396913711198",
            "private_dns_hostname_type_on_launch": "ip-name",
            "region": "us-east-1",
            "state": "available",
            "tags": {
              "Name": "cmtr-vkkq9lu1-private_subnet"
            },
            "timeouts": null,
            "vpc_id": "vpc-033940a8ef1167e76"
          },
          "sensitive_attributes": [],
          "identity_schema_version": 0
        }
      ]
    },
    {
      "mode": "data",
      "type": "aws_subnet",
      "name": "public_a",
      "provider": "provider[\"registry.terraform.io/hashicorp/aws\"]",
      "instances": [
        {
          "schema_version": 0,
          "attributes": {
            "arn": "arn:aws:ec2:us-east-1:396913711198:subnet/subnet-0e037479c2efc5c2b",
            "assign_ipv6_address_on_creation": false,
            "availability_zone": "us-east-1a",
            "availability_zone_id": "use1-az1",
            "available_ip_address_count": 249,
            "cidr_block": "10.0.1.0/24",
            "customer_owned_ipv4_pool": "",
            "default_for_az": false,
            "enable_dns64": false,
            "enable_lni_at_device_index": 0,
            "enable_resource_name_dns_a_record_on_launch": false,
            "enable_resource_name_dns_aaaa_record_on_launch": false,
            "filter": [
              {
                "name": "cidr-block",
                "values": [
                  "10.0.1.0/24"
                ]
              },
              {
                "name": "vpc-id",
                "values": [
                  "vpc-033940a8ef1167e76"
                ]
              }
            ],
            "id": "subnet-0e037479c2efc5c2b",
            "ipv6_cidr_block": "",
            "ipv6_cidr_block_association_id": "",
            "ipv6_native": false,
            "map_customer_owned_ip_on_launch": false,
            "map_public_ip_on_launch": true,
            "outpost_arn": "",
            "owner_id": "396913711198",
            "private_dns_hostname_type_on_launch": "ip-name",
            "region": "us-east-1",
            "state": "available",
            "tags": {
              "Name": "cmtr-vkkq9lu1-public_subnet"
            },
            "timeouts": null,
            "vpc_id": "vpc-033940a8ef1167e76"
          },
          "sensitive_attributes": [],
          "identity_schema_version": 0
        }
      ]
    },
    {
      "mode": "data",
      "type": "aws_subnet",
      "name": "public_b",
      "provider": "provider[\"registry.terraform.io/hashicorp/aws\"]",
      "instances": [
        {
          "schema_version": 0,
          "attributes": {
            "arn": "arn:aws:ec2:us-east-1:396913711198:subnet/subnet-01fbd4113b9a6b3ea",
            "assign_ipv6_address_on_creation": false,
            "availability_zone": "us-east-1b",
            "availability_zone_id": "use1-az2",
            "available_ip_address_count": 250,
            "cidr_block": "10.0.3.0/24",
            "customer_owned_ipv4_pool": "",
            "default_for_az": false,
            "enable_dns64": false,
            "enable_lni_at_device_index": 0,
            "enable_resource_name_dns_a_record_on_launch": false,
            "enable_resource_name_dns_aaaa_record_on_launch": false,
            "filter": [
              {
                "name": "cidr-block",
                "values": [
                  "10.0.3.0/24"
                ]
              },
              {
                "name": "vpc-id",
                "values": [
                  "vpc-033940a8ef1167e76"
                ]
              }
            ],
            "id": "subnet-01fbd4113b9a6b3ea",
            "ipv6_cidr_block": "",
            "ipv6_cidr_block_association_id": "",
            "ipv6_native": false,
            "map_customer_owned_ip_on_launch": false,
            "map_public_ip_on_launch": true,
            "outpost_arn": "",
            "owner_id": "396913711198",
            "private_dns_hostname_type_on_launch": "ip-name",
            "region": "us-east-1",
            "state": "available",
            "tags": {
              "Name": "cmtr-vkkq9lu1-public_subnet"
            },
            "timeouts": null,
            "vpc_id": "vpc-033940a8ef1167e76"
          },
          "sensitive_attributes": [],
          "identity_schema_version": 0
        }
      ]
    },
    {
      "mode": "data",
      "type": "aws_vpc",
      "name": "cmtr_vkkq9lu1_vpc",
      "provider": "provider[\"registry.terraform.io/hashicorp/aws\"]",
      "instances": [
        {
          "schema_version": 0,
          "attributes": {
            "arn": "arn:aws:ec2:us-east-1:396913711198:vpc/vpc-033940a8ef1167e76",
            "cidr_block": "10.0.0.0/16",
            "cidr_block_associations": [
              {
                "association_id": "vpc-cidr-assoc-00ea2c70f4fb1c797",
                "cidr_block": "10.0.0.0/16",
                "state": "associated"
              }
            ],
            "default": false,
            "dhcp_options_id": "dopt-0b4b2e12e89cd8c73",
            "enable_dns_hostnames": false,
            "enable_dns_support": true,
            "enable_network_address_usage_metrics": false,
            "filter": null,
            "id": "vpc-033940a8ef1167e76",
            "instance_tenancy": "default",
            "ipv6_association_id": "",
            "ipv6_cidr_block": "",
            "main_route_table_id": "rtb-058ab1dfc74ca733e",
            "owner_id": "396913711198",
            "region": "us-east-1",
            "state": null,
            "tags": {
              "Name": "cmtr-vkkq9lu1-vpc"
            },
            "timeouts": null
          },
          "sensitive_attributes": [],
          "identity_schema_version": 0
        }
      ]
    },
    {
      "mode": "managed",
      "type": "aws_autoscaling_attachment",
      "name": "aws_autoscaling_attachment",
      "provider": "provider[\"registry.terraform.io/hashicorp/aws\"]",
      "instances": [
        {
          "schema_version": 0,
          "attributes": {
            "autoscaling_group_name": "cmtr-vkkq9lu1-asg",
            "elb": null,
            "id": "cmtr-vkkq9lu1-asg-20260202095915495100000002",
            "lb_target_group_arn": "arn:aws:elasticloadbalancing:us-east-1:396913711198:targetgroup/cmtr-vkkq9lu1-tg/7c82ea5045899080",
            "region": "us-east-1"
          },
          "sensitive_attributes": [],
          "identity_schema_version": 0,
          "private": "bnVsbA==",
          "dependencies": [
            "aws_autoscaling_group.cmtr_vkkq9lu1_asg",
            "aws_launch_template.cmtr_vkkq9lu1_template",
            "aws_lb.cmtr_vkkq9lu1_loadbalancer",
            "aws_lb_target_group.cmtr_tg",
            "data.aws_security_group.sg",
            "data.aws_security_group.sg_http",
            "data.aws_security_group.sg_ssh",
            "data.aws_subnet.private_a",
            "data.aws_subnet.private_b",
            "data.aws_subnet.public_a",
            "data.aws_subnet.public_b",
            "data.aws_vpc.cmtr_vkkq9lu1_vpc"
          ]
        }
      ]
    },
    {
      "mode": "managed",
      "type": "aws_autoscaling_group",
      "name": "cmtr_vkkq9lu1_asg",
      "provider": "provider[\"registry.terraform.io/hashicorp/aws\"]",
      "instances": [
        {
          "schema_version": 1,
          "attributes": {
            "arn": "arn:aws:autoscaling:us-east-1:396913711198:autoScalingGroup:8c31c7b9-803c-4f7e-a2ae-47ce8f3f5329:autoScalingGroupName/cmtr-vkkq9lu1-asg",
            "availability_zone_distribution": [
              {
                "capacity_distribution_strategy": "balanced-best-effort"
              }
            ],
            "availability_zones": [
              "us-east-1a",
              "us-east-1b"
            ],
            "capacity_rebalance": false,
            "capacity_reservation_specification": [
              {
                "capacity_reservation_preference": "default",
                "capacity_reservation_target": []
              }
            ],
            "context": "",
            "default_cooldown": 300,
            "default_instance_warmup": 0,
            "desired_capacity": 2,
            "desired_capacity_type": "",
            "enabled_metrics": [],
            "force_delete": false,
            "force_delete_warm_pool": false,
            "health_check_grace_period": 300,
            "health_check_type": "EC2",
            "id": "cmtr-vkkq9lu1-asg",
            "ignore_failed_scaling_activities": false,
            "initial_lifecycle_hook": [],
            "instance_maintenance_policy": [],
            "instance_refresh": [],
            "launch_configuration": "",
            "launch_template": [
              {
                "id": "lt-0286bfdc4140476a8",
                "name": "cmtr-vkkq9lu1-template",
                "version": ""
              }
            ],
            "load_balancers": [],
            "max_instance_lifetime": 0,
            "max_size": 2,
            "metrics_granularity": "1Minute",
            "min_elb_capacity": null,
            "min_size": 1,
            "mixed_instances_policy": [],
            "name": "cmtr-vkkq9lu1-asg",
            "name_prefix": "",
            "placement_group": "",
            "predicted_capacity": 0,
            "protect_from_scale_in": false,
            "region": "us-east-1",
            "service_linked_role_arn": "arn:aws:iam::396913711198:role/aws-service-role/autoscaling.amazonaws.com/AWSServiceRoleForAutoScaling",
            "suspended_processes": [],
            "tag": [],
            "target_group_arns": [
              "arn:aws:elasticloadbalancing:us-east-1:396913711198:targetgroup/cmtr-vkkq9lu1-tg/7c82ea5045899080"
            ],
            "termination_policies": [],
            "timeouts": null,
            "traffic_source": [
              {
                "identifier": "arn:aws:elasticloadbalancing:us-east-1:396913711198:targetgroup/cmtr-vkkq9lu1-tg/7c82ea5045899080",
                "type": "elbv2"
              }
            ],
            "vpc_zone_identifier": [
              "subnet-04198bc3a416ec0a0",
              "subnet-07d32f0db6e4ca202"
            ],
            "wait_for_capacity_timeout": "10m",
            "wait_for_elb_capacity": null,
            "warm_pool": [],
            "warm_pool_size": 0
          },
          "sensitive_attributes": [],
          "identity_schema_version": 0,
          "private": "eyJlMmJmYjczMC1lY2FhLTExZTYtOGY4OC0zNDM2M2JjN2M0YzAiOnsiZGVsZXRlIjo2MDAwMDAwMDAwMDAsInVwZGF0ZSI6NjAwMDAwMDAwMDAwfSwic2NoZW1hX3ZlcnNpb24iOiIxIn0=",
          "dependencies": [
            "aws_launch_template.cmtr_vkkq9lu1_template",
            "data.aws_security_group.sg_http",
            "data.aws_security_group.sg_ssh",
            "data.aws_subnet.private_a",
            "data.aws_subnet.private_b",
            "data.aws_vpc.cmtr_vkkq9lu1_vpc"
          ]
        }
      ]
    },
    {
      "mode": "managed",
      "type": "aws_launch_template",
      "name": "cmtr_vkkq9lu1_template",
      "provider": "provider[\"registry.terraform.io/hashicorp/aws\"]",
      "instances": [
        {
          "schema_version": 1,
          "attributes": {
            "arn": "arn:aws:ec2:us-east-1:396913711198:launch-template/lt-0286bfdc4140476a8",
            "block_device_mappings": [],
            "capacity_reservation_specification": [],
            "cpu_options": [],
            "credit_specification": [],
            "default_version": 1,
            "description": "",
            "disable_api_stop": false,
            "disable_api_termination": false,
            "ebs_optimized": "",
            "enclave_options": [],
            "hibernation_options": [],
            "iam_instance_profile": [
              {
                "arn": "",
                "name": "cmtr-vkkq9lu1-instance_profile"
              }
            ],
            "id": "lt-0286bfdc4140476a8",
            "image_id": "ami-09e6f87a47903347c",
            "instance_initiated_shutdown_behavior": "",
            "instance_market_options": [],
            "instance_requirements": [],
            "instance_type": "t3.micro",
            "kernel_id": "",
            "key_name": "cmtr-vkkq9lu1-keypair",
            "latest_version": 3,
            "license_specification": [],
            "maintenance_options": [],
            "metadata_options": [
              {
                "http_endpoint": "enabled",
                "http_protocol_ipv6": "",
                "http_put_response_hop_limit": 0,
                "http_tokens": "optional",
                "instance_metadata_tags": ""
              }
            ],
            "monitoring": [],
            "name": "cmtr-vkkq9lu1-template",
            "name_prefix": "",
            "network_interfaces": [],
            "network_performance_options": [],
            "placement": [],
            "private_dns_name_options": [],
            "ram_disk_id": "",
            "region": "us-east-1",
            "security_group_names": [],
            "tag_specifications": [],
            "tags": {
              "Project": "cmtr-vkkq9lu1",
              "Terraform": "true"
            },
            "tags_all": {
              "Project": "cmtr-vkkq9lu1",
              "Terraform": "true"
            },
            "update_default_version": null,
            "user_data": "IyEvYmluL2Jhc2gKc2V0IC1lCgojIEVuYWJsZSBhbmQgc3RhcnQgQXBhY2hlIHdlYiBzZXJ2ZXIgKGFzc3VtZXMgaXQgaXMgYWxyZWFkeSBpbnN0YWxsZWQpCnN5c3RlbWN0bCBlbmFibGUgaHR0cGQKc3lzdGVtY3RsIHN0YXJ0IGh0dHBkCgojIFJldHJpZXZlIElNRFN2MiB0b2tlbgpUT0tFTj0kKGN1cmwgLXMgLVggUFVUICJodHRwOi8vMTY5LjI1NC4xNjkuMjU0L2xhdGVzdC9hcGkvdG9rZW4iIFwKICAtSCAiWC1hd3MtZWMyLW1ldGFkYXRhLXRva2VuLXR0bC1zZWNvbmRzOiAyMTYwMCIpCgojIFJldHJpZXZlIGluc3RhbmNlIG1ldGFkYXRhIHNlY3VyZWx5IHVzaW5nIElNRFN2MgpJTlNUQU5DRV9JRD0kKGN1cmwgLXMgLUggIlgtYXdzLWVjMi1tZXRhZGF0YS10b2tlbjogJFRPS0VOIiBcCiAgaHR0cDovLzE2OS4yNTQuMTY5LjI1NC9sYXRlc3QvbWV0YS1kYXRhL2luc3RhbmNlLWlkKQoKUFJJVkFURV9JUD0kKGN1cmwgLXMgLUggIlgtYXdzLWVjMi1tZXRhZGF0YS10b2tlbjogJFRPS0VOIiBcCiAgaHR0cDovLzE2OS4yNTQuMTY5LjI1NC9sYXRlc3QvbWV0YS1kYXRhL2xvY2FsLWlwdjQpCgojIENyZWF0ZSBzaW1wbGUgSFRNTCBwYWdlCmNhdCA8PEVPRiA+IC92YXIvd3d3L2h0bWwvaW5kZXguaHRtbAo8IURPQ1RZUEUgaHRtbD4KPGh0bWw+CjxoZWFkPgogIDx0aXRsZT5FQzIgSW5zdGFuY2UgSW5mbzwvdGl0bGU+CjwvaGVhZD4KPGJvZHk+CiAgPGgxPlRoaXMgbWVzc2FnZSB3YXMgZ2VuZXJhdGVkIG9uIGluc3RhbmNlICRJTlNUQU5DRV9JRDwvaDE+CiAgPHA+UHJpdmF0ZSBJUDoK",
            "vpc_security_group_ids": [
              "sg-0c867df722db1879d",
              "sg-0f577c39adbc48acb"
            ]
          },
          "sensitive_attributes": [],
          "identity_schema_version": 0,
          "private": "eyJzY2hlbWFfdmVyc2lvbiI6IjEifQ==",
          "dependencies": [
            "data.aws_security_group.sg_http",
            "data.aws_security_group.sg_ssh"
          ]
        }
      ]
    },
    {
      "mode": "managed",
      "type": "aws_lb",
      "name": "cmtr_vkkq9lu1_loadbalancer",
      "provider": "provider[\"registry.terraform.io/hashicorp/aws\"]",
      "instances": [
        {
          "schema_version": 0,
          "attributes": {
            "access_logs": [
              {
                "bucket": "",
                "enabled": false,
                "prefix": ""
              }
            ],
            "arn": "arn:aws:elasticloadbalancing:us-east-1:396913711198:loadbalancer/app/cmtr-vkkq9lu1-loadbalancer/c4bb4aa15afcf8a8",
            "arn_suffix": "app/cmtr-vkkq9lu1-loadbalancer/c4bb4aa15afcf8a8",
            "client_keep_alive": 3600,
            "connection_logs": [
              {
                "bucket": "",
                "enabled": false,
                "prefix": ""
              }
            ],
            "customer_owned_ipv4_pool": "",
            "desync_mitigation_mode": "defensive",
            "dns_name": "cmtr-vkkq9lu1-loadbalancer-1307146056.us-east-1.elb.amazonaws.com",
            "dns_record_client_routing_policy": null,
            "drop_invalid_header_fields": false,
            "enable_cross_zone_load_balancing": true,
            "enable_deletion_protection": false,
            "enable_http2": true,
            "enable_tls_version_and_cipher_suite_headers": false,
            "enable_waf_fail_open": false,
            "enable_xff_client_port": false,
            "enable_zonal_shift": false,
            "enforce_security_group_inbound_rules_on_private_link_traffic": "",
            "health_check_logs": [
              {
                "bucket": "",
                "enabled": false,
                "prefix": ""
              }
            ],
            "id": "arn:aws:elasticloadbalancing:us-east-1:396913711198:loadbalancer/app/cmtr-vkkq9lu1-loadbalancer/c4bb4aa15afcf8a8",
            "idle_timeout": 60,
            "internal": false,
            "ip_address_type": "ipv4",
            "ipam_pools": [],
            "load_balancer_type": "application",
            "minimum_load_balancer_capacity": [],
            "name": "cmtr-vkkq9lu1-loadbalancer",
            "name_prefix": "",
            "preserve_host_header": false,
            "region": "us-east-1",
            "secondary_ips_auto_assigned_per_subnet": null,
            "security_groups": [
              "sg-0e6d380bf47e7f312"
            ],
            "subnet_mapping": [
              {
                "allocation_id": "",
                "ipv6_address": "",
                "outpost_id": "",
                "private_ipv4_address": "",
                "subnet_id": "subnet-01fbd4113b9a6b3ea"
              },
              {
                "allocation_id": "",
                "ipv6_address": "",
                "outpost_id": "",
                "private_ipv4_address": "",
                "subnet_id": "subnet-0e037479c2efc5c2b"
              }
            ],
            "subnets": [
              "subnet-01fbd4113b9a6b3ea",
              "subnet-0e037479c2efc5c2b"
            ],
            "tags": {},
            "tags_all": {},
            "timeouts": null,
            "vpc_id": "vpc-033940a8ef1167e76",
            "xff_header_processing_mode": "append",
            "zone_id": "Z35SXDOTRQ7X7K"
          },
          "sensitive_attributes": [],
          "identity_schema_version": 0,
          "identity": {
            "arn": "arn:aws:elasticloadbalancing:us-east-1:396913711198:loadbalancer/app/cmtr-vkkq9lu1-loadbalancer/c4bb4aa15afcf8a8"
          },
          "private": "eyJlMmJmYjczMC1lY2FhLTExZTYtOGY4OC0zNDM2M2JjN2M0YzAiOnsiY3JlYXRlIjo2MDAwMDAwMDAwMDAsImRlbGV0ZSI6NjAwMDAwMDAwMDAwLCJ1cGRhdGUiOjYwMDAwMDAwMDAwMH19",
          "dependencies": [
            "data.aws_security_group.sg",
            "data.aws_subnet.public_a",
            "data.aws_subnet.public_b",
            "data.aws_vpc.cmtr_vkkq9lu1_vpc"
          ]
        }
      ]
    },
    {
      "mode": "managed",
      "type": "aws_lb_listener",
      "name": "http",
      "provider": "provider[\"registry.terraform.io/hashicorp/aws\"]",
      "instances": [
        {
          "schema_version": 0,
          "attributes": {
            "alpn_policy": null,
            "arn": "arn:aws:elasticloadbalancing:us-east-1:396913711198:listener/app/cmtr-vkkq9lu1-loadbalancer/c4bb4aa15afcf8a8/57a6d0c94370e945",
            "certificate_arn": null,
            "default_action": [
              {
                "authenticate_cognito": [],
                "authenticate_oidc": [],
                "fixed_response": [],
                "forward": [],
                "jwt_validation": [],
                "order": 1,
                "redirect": [],
                "target_group_arn": "arn:aws:elasticloadbalancing:us-east-1:396913711198:targetgroup/cmtr-vkkq9lu1-tg/7c82ea5045899080",
                "type": "forward"
              }
            ],
            "id": "arn:aws:elasticloadbalancing:us-east-1:396913711198:listener/app/cmtr-vkkq9lu1-loadbalancer/c4bb4aa15afcf8a8/57a6d0c94370e945",
            "load_balancer_arn": "arn:aws:elasticloadbalancing:us-east-1:396913711198:loadbalancer/app/cmtr-vkkq9lu1-loadbalancer/c4bb4aa15afcf8a8",
            "mutual_authentication": [],
            "port": 80,
            "protocol": "HTTP",
            "region": "us-east-1",
            "routing_http_request_x_amzn_mtls_clientcert_header_name": null,
            "routing_http_request_x_amzn_mtls_clientcert_issuer_header_name": null,
            "routing_http_request_x_amzn_mtls_clientcert_leaf_header_name": null,
            "routing_http_request_x_amzn_mtls_clientcert_serial_number_header_name": null,
            "routing_http_request_x_amzn_mtls_clientcert_subject_header_name": null,
            "routing_http_request_x_amzn_mtls_clientcert_validity_header_name": null,
            "routing_http_request_x_amzn_tls_cipher_suite_header_name": null,
            "routing_http_request_x_amzn_tls_version_header_name": null,
            "routing_http_response_access_control_allow_credentials_header_value": "",
            "routing_http_response_access_control_allow_headers_header_value": "",
            "routing_http_response_access_control_allow_methods_header_value": "",
            "routing_http_response_access_control_allow_origin_header_value": "",
            "routing_http_response_access_control_expose_headers_header_value": "",
            "routing_http_response_access_control_max_age_header_value": "",
            "routing_http_response_content_security_policy_header_value": "",
            "routing_http_response_server_enabled": true,
            "routing_http_response_strict_transport_security_header_value": "",
            "routing_http_response_x_content_type_options_header_value": "",
            "routing_http_response_x_frame_options_header_value": "",
            "ssl_policy": "",
            "tags": {},
            "tags_all": {},
            "tcp_idle_timeout_seconds": null,
            "timeouts": null
          },
          "sensitive_attributes": [],
          "identity_schema_version": 0,
          "identity": {
            "arn": "arn:aws:elasticloadbalancing:us-east-1:396913711198:listener/app/cmtr-vkkq9lu1-loadbalancer/c4bb4aa15afcf8a8/57a6d0c94370e945"
          },
          "private": "eyJlMmJmYjczMC1lY2FhLTExZTYtOGY4OC0zNDM2M2JjN2M0YzAiOnsiY3JlYXRlIjozMDAwMDAwMDAwMDAsInVwZGF0ZSI6MzAwMDAwMDAwMDAwfX0=",
          "dependencies": [
            "aws_lb.cmtr_vkkq9lu1_loadbalancer",
            "aws_lb_target_group.cmtr_tg",
            "data.aws_security_group.sg",
            "data.aws_subnet.public_a",
            "data.aws_subnet.public_b",
            "data.aws_vpc.cmtr_vkkq9lu1_vpc"
          ]
        }
      ]
    },
    {
      "mode": "managed",
      "type": "aws_lb_target_group",
      "name": "cmtr_tg",
      "provider": "provider[\"registry.terraform.io/hashicorp/aws\"]",
      "instances": [
        {
          "schema_version": 0,
          "attributes": {
            "arn": "arn:aws:elasticloadbalancing:us-east-1:396913711198:targetgroup/cmtr-vkkq9lu1-tg/7c82ea5045899080",
            "arn_suffix": "targetgroup/cmtr-vkkq9lu1-tg/7c82ea5045899080",
            "connection_termination": null,
            "deregistration_delay": "300",
            "health_check": [
              {
                "enabled": true,
                "healthy_threshold": 2,
                "interval": 30,
                "matcher": "200-299",
                "path": "/health",
                "port": "traffic-port",
                "protocol": "HTTP",
                "timeout": 5,
                "unhealthy_threshold": 2
              }
            ],
            "id": "arn:aws:elasticloadbalancing:us-east-1:396913711198:targetgroup/cmtr-vkkq9lu1-tg/7c82ea5045899080",
            "ip_address_type": "ipv4",
            "lambda_multi_value_headers_enabled": false,
            "load_balancer_arns": [
              "arn:aws:elasticloadbalancing:us-east-1:396913711198:loadbalancer/app/cmtr-vkkq9lu1-loadbalancer/c4bb4aa15afcf8a8"
            ],
            "load_balancing_algorithm_type": "round_robin",
            "load_balancing_anomaly_mitigation": "off",
            "load_balancing_cross_zone_enabled": "use_load_balancer_configuration",
            "name": "cmtr-vkkq9lu1-tg",
            "name_prefix": "",
            "port": 80,
            "preserve_client_ip": null,
            "protocol": "HTTP",
            "protocol_version": "HTTP1",
            "proxy_protocol_v2": false,
            "region": "us-east-1",
            "slow_start": 0,
            "stickiness": [
              {
                "cookie_duration": 86400,
                "cookie_name": "",
                "enabled": false,
                "type": "lb_cookie"
              }
            ],
            "tags": {},
            "tags_all": {},
            "target_control_port": 0,
            "target_failover": [
              {
                "on_deregistration": null,
                "on_unhealthy": null
              }
            ],
            "target_group_health": [
              {
                "dns_failover": [
                  {
                    "minimum_healthy_targets_count": "1",
                    "minimum_healthy_targets_percentage": "off"
                  }
                ],
                "unhealthy_state_routing": [
                  {
                    "minimum_healthy_targets_count": 1,
                    "minimum_healthy_targets_percentage": "off"
                  }
                ]
              }
            ],
            "target_health_state": [
              {
                "enable_unhealthy_connection_termination": null,
                "unhealthy_draining_interval": null
              }
            ],
            "target_type": "instance",
            "vpc_id": "vpc-033940a8ef1167e76"
          },
          "sensitive_attributes": [],
          "identity_schema_version": 0,
          "identity": {
            "arn": "arn:aws:elasticloadbalancing:us-east-1:396913711198:targetgroup/cmtr-vkkq9lu1-tg/7c82ea5045899080"
          },
          "private": "bnVsbA==",
          "dependencies": [
            "data.aws_vpc.cmtr_vkkq9lu1_vpc"
          ]
        }
      ]
    }
  ],
  "check_results": null
}
