{
  "version": 4,
  "terraform_version": "1.14.3",
  "serial": 116,
  "lineage": "95cb4220-2ea1-dac0-5786-ea10e3b6eb11",
  "outputs": {},
  "resources": [
    {
      "mode": "managed",
      "type": "aws_internet_gateway",
      "name": "cmtr_vkkq9lu1_01_igw",
      "provider": "provider[\"registry.terraform.io/hashicorp/aws\"]",
      "instances": [
        {
          "schema_version": 0,
          "attributes": {
            "arn": "arn:aws:ec2:us-east-1:209479311569:internet-gateway/igw-05eb691969e7a33e4",
            "id": "igw-05eb691969e7a33e4",
            "owner_id": "209479311569",
            "region": "us-east-1",
            "tags": {
              "Name": "cmtr-vkkq9lu1-01-igw"
            },
            "tags_all": {
              "Name": "cmtr-vkkq9lu1-01-igw"
            },
            "timeouts": null,
            "vpc_id": "vpc-09de2da39eb318d35"
          },
          "sensitive_attributes": [],
          "identity_schema_version": 0,
          "private": "eyJlMmJmYjczMC1lY2FhLTExZTYtOGY4OC0zNDM2M2JjN2M0YzAiOnsiY3JlYXRlIjoxMjAwMDAwMDAwMDAwLCJkZWxldGUiOjEyMDAwMDAwMDAwMDAsInVwZGF0ZSI6MTIwMDAwMDAwMDAwMH19",
          "dependencies": [
            "aws_vpc.cmtr_vkkq9lu1_01_vpc"
          ]
        }
      ]
    },
    {
      "mode": "managed",
      "type": "aws_launch_template",
      "name": "cmtr_vkkq9lu1_template",
      "provider": "provider[\"registry.terraform.io/hashicorp/aws\"]",
      "instances": [
        {
          "schema_version": 1,
          "attributes": {
            "arn": "arn:aws:ec2:us-east-1:209479311569:launch-template/lt-039a508cdad7c4382",
            "block_device_mappings": [],
            "capacity_reservation_specification": [],
            "cpu_options": [],
            "credit_specification": [],
            "default_version": 1,
            "description": "",
            "disable_api_stop": false,
            "disable_api_termination": false,
            "ebs_optimized": "",
            "enclave_options": [],
            "hibernation_options": [],
            "iam_instance_profile": [],
            "id": "lt-039a508cdad7c4382",
            "image_id": "",
            "instance_initiated_shutdown_behavior": "",
            "instance_market_options": [],
            "instance_requirements": [],
            "instance_type": "t3.micro",
            "kernel_id": "",
            "key_name": "cmtr-vkkq9lu1-keypair",
            "latest_version": 1,
            "license_specification": [],
            "maintenance_options": [],
            "metadata_options": [
              {
                "http_endpoint": "enabled",
                "http_protocol_ipv6": "",
                "http_put_response_hop_limit": 0,
                "http_tokens": "optional",
                "instance_metadata_tags": ""
              }
            ],
            "monitoring": [],
            "name": "cmtr-vkkq9lu1-template",
            "name_prefix": "",
            "network_interfaces": [
              {
                "associate_carrier_ip_address": "",
                "associate_public_ip_address": "",
                "connection_tracking_specification": [],
                "delete_on_termination": "true",
                "description": "",
                "device_index": 0,
                "ena_srd_specification": [],
                "interface_type": "",
                "ipv4_address_count": 0,
                "ipv4_addresses": null,
                "ipv4_prefix_count": 0,
                "ipv4_prefixes": null,
                "ipv6_address_count": 0,
                "ipv6_addresses": null,
                "ipv6_prefix_count": 0,
                "ipv6_prefixes": null,
                "network_card_index": 0,
                "network_interface_id": "",
                "primary_ipv6": "",
                "private_ip_address": "",
                "security_groups": null,
                "subnet_id": ""
              }
            ],
            "placement": [],
            "private_dns_name_options": [],
            "ram_disk_id": "",
            "region": "us-east-1",
            "security_group_names": [
              "cmtr-vkkq9lu1-ec2_sg",
              "cmtr-vkkq9lu1-http_sg"
            ],
            "tag_specifications": [],
            "tags": {
              "Project": "cmtr-vkkq9lu1",
              "Terraform": "true"
            },
            "tags_all": {
              "Project": "cmtr-vkkq9lu1",
              "Terraform": "true"
            },
            "update_default_version": null,
            "user_data": "IyEvYmluL2Jhc2gKc2V0IC1lCgojIFVwZGF0ZSBzeXN0ZW0gcGFja2FnZXMKeXVtIHVwZGF0ZSAteQoKIyBJbnN0YWxsIHJlcXVpcmVkIHBhY2thZ2VzCnl1bSBpbnN0YWxsIC15IGh0dHBkIGF3cy1jbGkganEgY3VybAoKIyBFbmFibGUgYW5kIHN0YXJ0IEFwYWNoZSB3ZWIgc2VydmVyCnN5c3RlbWN0bCBlbmFibGUgaHR0cGQKc3lzdGVtY3RsIHN0YXJ0IGh0dHBkCgojIFJldHJpZXZlIElNRFN2MiB0b2tlbgpUT0tFTj0kKGN1cmwgLVggUFVUICJodHRwOi8vMTY5LjI1NC4xNjkuMjU0L2xhdGVzdC9hcGkvdG9rZW4iIFwKICAtSCAiWC1hd3MtZWMyLW1ldGFkYXRhLXRva2VuLXR0bC1zZWNvbmRzOiAyMTYwMCIpCgojIFJldHJpZXZlIGluc3RhbmNlIG1ldGFkYXRhIHNlY3VyZWx5IHVzaW5nIElNRFN2MgpJTlNUQU5DRV9JRD0kKGN1cmwgLUggIlgtYXdzLWVjMi1tZXRhZGF0YS10b2tlbjogJFRPS0VOIiBcCiAgaHR0cDovLzE2OS4yNTQuMTY5LjI1NC9sYXRlc3QvbWV0YS1kYXRhL2luc3RhbmNlLWlkKQoKUFJJVkFURV9JUD0kKGN1cmwgLUggIlgtYXdzLWVjMi1tZXRhZGF0YS10b2tlbjogJFRPS0VOIiBcCiAgaHR0cDovLzE2OS4yNTQuMTY5LjI1NC9sYXRlc3QvbWV0YS1kYXRhL2xvY2FsLWlwdjQpCgojIENyZWF0ZSBzaW1wbGUgSFRNTCBwYWdlCmNhdCA8PEVPRiA+IC92YXIvd3d3L2h0bWwvaW5kZXguaHRtbAo8IURPQ1RZUEUgaHRtbD4KPGh0bWw+CjxoZWFkPgogIDx0aXRsZT5FQzIgSW5zdGFuY2UgSW5mbzwvdGl0bGU+CjwvaGVhZD4KPGJvZHk+CiAgPGgxPlRoaXMgbWVzc2FnZSB3YXMgZ2VuZXJhdGVkIG9uIGluc3RhbmNlICRJTlNUQU5DRV9JRCB3aXRoIHRoZSBmb2xsb3dpbmcgSVA6ICRQUklWQVRFX0lQPC9oMT4KPC9ib2R5Pgo8L2h0bWw+CkVPRgoKIyBFbnN1cmUgY29ycmVjdCBwZXJtaXNzaW9ucwpjaG1vZCA2NDQgL3Zhci93d3cvaHRtbC9pbmRleC5odG1sCg==",
            "vpc_security_group_ids": null
          },
          "sensitive_attributes": [],
          "identity_schema_version": 0,
          "private": "eyJzY2hlbWFfdmVyc2lvbiI6IjEifQ=="
        }
      ]
    },
    {
      "mode": "managed",
      "type": "aws_route_table",
      "name": "cmtr_vkkq9lu1_01_rt",
      "provider": "provider[\"registry.terraform.io/hashicorp/aws\"]",
      "instances": [
        {
          "schema_version": 0,
          "attributes": {
            "arn": "arn:aws:ec2:us-east-1:209479311569:route-table/rtb-0ab2340e3c78d1842",
            "id": "rtb-0ab2340e3c78d1842",
            "owner_id": "209479311569",
            "propagating_vgws": [],
            "region": "us-east-1",
            "route": [
              {
                "carrier_gateway_id": "",
                "cidr_block": "0.0.0.0/0",
                "core_network_arn": "",
                "destination_prefix_list_id": "",
                "egress_only_gateway_id": "",
                "gateway_id": "igw-05eb691969e7a33e4",
                "ipv6_cidr_block": "",
                "local_gateway_id": "",
                "nat_gateway_id": "",
                "network_interface_id": "",
                "transit_gateway_id": "",
                "vpc_endpoint_id": "",
                "vpc_peering_connection_id": ""
              }
            ],
            "tags": {
              "Name": "cmtr-vkkq9lu1-01-rt"
            },
            "tags_all": {
              "Name": "cmtr-vkkq9lu1-01-rt"
            },
            "timeouts": null,
            "vpc_id": "vpc-09de2da39eb318d35"
          },
          "sensitive_attributes": [],
          "identity_schema_version": 0,
          "identity": {
            "account_id": "209479311569",
            "id": "rtb-0ab2340e3c78d1842",
            "region": "us-east-1"
          },
          "private": "eyJlMmJmYjczMC1lY2FhLTExZTYtOGY4OC0zNDM2M2JjN2M0YzAiOnsiY3JlYXRlIjozMDAwMDAwMDAwMDAsImRlbGV0ZSI6MzAwMDAwMDAwMDAwLCJ1cGRhdGUiOjEyMDAwMDAwMDAwMH19",
          "dependencies": [
            "aws_internet_gateway.cmtr_vkkq9lu1_01_igw",
            "aws_vpc.cmtr_vkkq9lu1_01_vpc"
          ]
        }
      ]
    },
    {
      "mode": "managed",
      "type": "aws_route_table_association",
      "name": "PublicRTAssociation_a",
      "provider": "provider[\"registry.terraform.io/hashicorp/aws\"]",
      "instances": [
        {
          "schema_version": 0,
          "attributes": {
            "gateway_id": "",
            "id": "rtbassoc-04cb14de40e9711d4",
            "region": "us-east-1",
            "route_table_id": "rtb-0ab2340e3c78d1842",
            "subnet_id": "subnet-02c70e5744efdbfc3",
            "timeouts": null
          },
          "sensitive_attributes": [],
          "identity_schema_version": 0,
          "private": "eyJlMmJmYjczMC1lY2FhLTExZTYtOGY4OC0zNDM2M2JjN2M0YzAiOnsiY3JlYXRlIjozMDAwMDAwMDAwMDAsImRlbGV0ZSI6MzAwMDAwMDAwMDAwLCJ1cGRhdGUiOjEyMDAwMDAwMDAwMH19",
          "dependencies": [
            "aws_internet_gateway.cmtr_vkkq9lu1_01_igw",
            "aws_route_table.cmtr_vkkq9lu1_01_rt",
            "aws_subnet.cmtr_vkkq9lu1_01_subnet_public_a",
            "aws_vpc.cmtr_vkkq9lu1_01_vpc"
          ]
        }
      ]
    },
    {
      "mode": "managed",
      "type": "aws_route_table_association",
      "name": "PublicRTAssociation_b",
      "provider": "provider[\"registry.terraform.io/hashicorp/aws\"]",
      "instances": [
        {
          "schema_version": 0,
          "attributes": {
            "gateway_id": "",
            "id": "rtbassoc-0b51bd0b223e66313",
            "region": "us-east-1",
            "route_table_id": "rtb-0ab2340e3c78d1842",
            "subnet_id": "subnet-0724ff5c56898d3b9",
            "timeouts": null
          },
          "sensitive_attributes": [],
          "identity_schema_version": 0,
          "private": "eyJlMmJmYjczMC1lY2FhLTExZTYtOGY4OC0zNDM2M2JjN2M0YzAiOnsiY3JlYXRlIjozMDAwMDAwMDAwMDAsImRlbGV0ZSI6MzAwMDAwMDAwMDAwLCJ1cGRhdGUiOjEyMDAwMDAwMDAwMH19",
          "dependencies": [
            "aws_internet_gateway.cmtr_vkkq9lu1_01_igw",
            "aws_route_table.cmtr_vkkq9lu1_01_rt",
            "aws_subnet.cmtrvkkq9lu1_01_subnet_public_b",
            "aws_vpc.cmtr_vkkq9lu1_01_vpc"
          ]
        }
      ]
    },
    {
      "mode": "managed",
      "type": "aws_route_table_association",
      "name": "PublicRTAssociation_c",
      "provider": "provider[\"registry.terraform.io/hashicorp/aws\"]",
      "instances": [
        {
          "schema_version": 0,
          "attributes": {
            "gateway_id": "",
            "id": "rtbassoc-0c8fde66adbdd0f0f",
            "region": "us-east-1",
            "route_table_id": "rtb-0ab2340e3c78d1842",
            "subnet_id": "subnet-07274cf17f43f9d1b",
            "timeouts": null
          },
          "sensitive_attributes": [],
          "identity_schema_version": 0,
          "private": "eyJlMmJmYjczMC1lY2FhLTExZTYtOGY4OC0zNDM2M2JjN2M0YzAiOnsiY3JlYXRlIjozMDAwMDAwMDAwMDAsImRlbGV0ZSI6MzAwMDAwMDAwMDAwLCJ1cGRhdGUiOjEyMDAwMDAwMDAwMH19",
          "dependencies": [
            "aws_internet_gateway.cmtr_vkkq9lu1_01_igw",
            "aws_route_table.cmtr_vkkq9lu1_01_rt",
            "aws_subnet.cmtr_vkkq9lu1_01_subnet_public_c",
            "aws_vpc.cmtr_vkkq9lu1_01_vpc"
          ]
        }
      ]
    },
    {
      "mode": "managed",
      "type": "aws_subnet",
      "name": "cmtr_vkkq9lu1_01_subnet_public_a",
      "provider": "provider[\"registry.terraform.io/hashicorp/aws\"]",
      "instances": [
        {
          "schema_version": 1,
          "attributes": {
            "arn": "arn:aws:ec2:us-east-1:209479311569:subnet/subnet-02c70e5744efdbfc3",
            "assign_ipv6_address_on_creation": false,
            "availability_zone": "us-east-1a",
            "availability_zone_id": "use1-az2",
            "cidr_block": "10.10.1.0/24",
            "customer_owned_ipv4_pool": "",
            "enable_dns64": false,
            "enable_lni_at_device_index": 0,
            "enable_resource_name_dns_a_record_on_launch": false,
            "enable_resource_name_dns_aaaa_record_on_launch": false,
            "id": "subnet-02c70e5744efdbfc3",
            "ipv6_cidr_block": "",
            "ipv6_cidr_block_association_id": "",
            "ipv6_native": false,
            "map_customer_owned_ip_on_launch": false,
            "map_public_ip_on_launch": false,
            "outpost_arn": "",
            "owner_id": "209479311569",
            "private_dns_hostname_type_on_launch": "ip-name",
            "region": "us-east-1",
            "tags": {
              "Name": "cmtr-vkkq9lu1-01-subnet-public-a"
            },
            "tags_all": {
              "Name": "cmtr-vkkq9lu1-01-subnet-public-a"
            },
            "timeouts": null,
            "vpc_id": "vpc-09de2da39eb318d35"
          },
          "sensitive_attributes": [],
          "identity_schema_version": 0,
          "identity": {
            "account_id": "209479311569",
            "id": "subnet-02c70e5744efdbfc3",
            "region": "us-east-1"
          },
          "private": "eyJlMmJmYjczMC1lY2FhLTExZTYtOGY4OC0zNDM2M2JjN2M0YzAiOnsiY3JlYXRlIjo2MDAwMDAwMDAwMDAsImRlbGV0ZSI6MTIwMDAwMDAwMDAwMH0sInNjaGVtYV92ZXJzaW9uIjoiMSJ9",
          "dependencies": [
            "aws_vpc.cmtr_vkkq9lu1_01_vpc"
          ]
        }
      ]
    },
    {
      "mode": "managed",
      "type": "aws_subnet",
      "name": "cmtr_vkkq9lu1_01_subnet_public_c",
      "provider": "provider[\"registry.terraform.io/hashicorp/aws\"]",
      "instances": [
        {
          "schema_version": 1,
          "attributes": {
            "arn": "arn:aws:ec2:us-east-1:209479311569:subnet/subnet-07274cf17f43f9d1b",
            "assign_ipv6_address_on_creation": false,
            "availability_zone": "us-east-1c",
            "availability_zone_id": "use1-az6",
            "cidr_block": "10.10.5.0/24",
            "customer_owned_ipv4_pool": "",
            "enable_dns64": false,
            "enable_lni_at_device_index": 0,
            "enable_resource_name_dns_a_record_on_launch": false,
            "enable_resource_name_dns_aaaa_record_on_launch": false,
            "id": "subnet-07274cf17f43f9d1b",
            "ipv6_cidr_block": "",
            "ipv6_cidr_block_association_id": "",
            "ipv6_native": false,
            "map_customer_owned_ip_on_launch": false,
            "map_public_ip_on_launch": false,
            "outpost_arn": "",
            "owner_id": "209479311569",
            "private_dns_hostname_type_on_launch": "ip-name",
            "region": "us-east-1",
            "tags": {
              "Name": "cmtr-vkkq9lu1-01-subnet-public-c"
            },
            "tags_all": {
              "Name": "cmtr-vkkq9lu1-01-subnet-public-c"
            },
            "timeouts": null,
            "vpc_id": "vpc-09de2da39eb318d35"
          },
          "sensitive_attributes": [],
          "identity_schema_version": 0,
          "identity": {
            "account_id": "209479311569",
            "id": "subnet-07274cf17f43f9d1b",
            "region": "us-east-1"
          },
          "private": "eyJlMmJmYjczMC1lY2FhLTExZTYtOGY4OC0zNDM2M2JjN2M0YzAiOnsiY3JlYXRlIjo2MDAwMDAwMDAwMDAsImRlbGV0ZSI6MTIwMDAwMDAwMDAwMH0sInNjaGVtYV92ZXJzaW9uIjoiMSJ9",
          "dependencies": [
            "aws_vpc.cmtr_vkkq9lu1_01_vpc"
          ]
        }
      ]
    },
    {
      "mode": "managed",
      "type": "aws_subnet",
      "name": "cmtrvkkq9lu1_01_subnet_public_b",
      "provider": "provider[\"registry.terraform.io/hashicorp/aws\"]",
      "instances": [
        {
          "schema_version": 1,
          "attributes": {
            "arn": "arn:aws:ec2:us-east-1:209479311569:subnet/subnet-0724ff5c56898d3b9",
            "assign_ipv6_address_on_creation": false,
            "availability_zone": "us-east-1b",
            "availability_zone_id": "use1-az4",
            "cidr_block": "10.10.3.0/24",
            "customer_owned_ipv4_pool": "",
            "enable_dns64": false,
            "enable_lni_at_device_index": 0,
            "enable_resource_name_dns_a_record_on_launch": false,
            "enable_resource_name_dns_aaaa_record_on_launch": false,
            "id": "subnet-0724ff5c56898d3b9",
            "ipv6_cidr_block": "",
            "ipv6_cidr_block_association_id": "",
            "ipv6_native": false,
            "map_customer_owned_ip_on_launch": false,
            "map_public_ip_on_launch": false,
            "outpost_arn": "",
            "owner_id": "209479311569",
            "private_dns_hostname_type_on_launch": "ip-name",
            "region": "us-east-1",
            "tags": {
              "Name": "cmtr-vkkq9lu1-01-subnet-public-b"
            },
            "tags_all": {
              "Name": "cmtr-vkkq9lu1-01-subnet-public-b"
            },
            "timeouts": null,
            "vpc_id": "vpc-09de2da39eb318d35"
          },
          "sensitive_attributes": [],
          "identity_schema_version": 0,
          "identity": {
            "account_id": "209479311569",
            "id": "subnet-0724ff5c56898d3b9",
            "region": "us-east-1"
          },
          "private": "eyJlMmJmYjczMC1lY2FhLTExZTYtOGY4OC0zNDM2M2JjN2M0YzAiOnsiY3JlYXRlIjo2MDAwMDAwMDAwMDAsImRlbGV0ZSI6MTIwMDAwMDAwMDAwMH0sInNjaGVtYV92ZXJzaW9uIjoiMSJ9",
          "dependencies": [
            "aws_vpc.cmtr_vkkq9lu1_01_vpc"
          ]
        }
      ]
    },
    {
      "mode": "managed",
      "type": "aws_vpc",
      "name": "cmtr_vkkq9lu1_01_vpc",
      "provider": "provider[\"registry.terraform.io/hashicorp/aws\"]",
      "instances": [
        {
          "schema_version": 1,
          "attributes": {
            "arn": "arn:aws:ec2:us-east-1:209479311569:vpc/vpc-09de2da39eb318d35",
            "assign_generated_ipv6_cidr_block": false,
            "cidr_block": "10.10.0.0/16",
            "default_network_acl_id": "acl-0a6a447c3ac99f781",
            "default_route_table_id": "rtb-0c10e44de62b1703b",
            "default_security_group_id": "sg-0b3b15c292e963929",
            "dhcp_options_id": "dopt-063a83ef9732f6a9f",
            "enable_dns_hostnames": false,
            "enable_dns_support": true,
            "enable_network_address_usage_metrics": false,
            "id": "vpc-09de2da39eb318d35",
            "instance_tenancy": "default",
            "ipv4_ipam_pool_id": null,
            "ipv4_netmask_length": null,
            "ipv6_association_id": "",
            "ipv6_cidr_block": "",
            "ipv6_cidr_block_network_border_group": "",
            "ipv6_ipam_pool_id": "",
            "ipv6_netmask_length": 0,
            "main_route_table_id": "rtb-0c10e44de62b1703b",
            "owner_id": "209479311569",
            "region": "us-east-1",
            "tags": {
              "Name": "cmtr-vkkq9lu1-01-vpc"
            },
            "tags_all": {
              "Name": "cmtr-vkkq9lu1-01-vpc"
            }
          },
          "sensitive_attributes": [],
          "identity_schema_version": 0,
          "identity": {
            "account_id": "209479311569",
            "id": "vpc-09de2da39eb318d35",
            "region": "us-east-1"
          },
          "private": "eyJzY2hlbWFfdmVyc2lvbiI6IjEifQ=="
        }
      ]
    }
  ],
  "check_results": null
}
